// !$*UTF8*$!
{
	archiveVersion = 1;
	classes = {
	};
	objectVersion = 48;
	objects = {

/* Begin PBXBuildFile section */
		1AB57E786C7AE725C2A4E14B /* Pods_easyshop_PI2017.framework in Frameworks */ = {isa = PBXBuildFile; fileRef = EC2D3EFCBFE3A4BB73971289 /* Pods_easyshop_PI2017.framework */; };
		7F5A8E311F9A340D003447F0 /* AppDelegate.swift in Sources */ = {isa = PBXBuildFile; fileRef = 7F5A8E301F9A340D003447F0 /* AppDelegate.swift */; };
		7F5A8E331F9A340D003447F0 /* ViewController.swift in Sources */ = {isa = PBXBuildFile; fileRef = 7F5A8E321F9A340D003447F0 /* ViewController.swift */; };
		7F5A8E361F9A340D003447F0 /* Main.storyboard in Resources */ = {isa = PBXBuildFile; fileRef = 7F5A8E341F9A340D003447F0 /* Main.storyboard */; };
		7F5A8E381F9A340D003447F0 /* Assets.xcassets in Resources */ = {isa = PBXBuildFile; fileRef = 7F5A8E371F9A340D003447F0 /* Assets.xcassets */; };
		7F5A8E3B1F9A340D003447F0 /* LaunchScreen.storyboard in Resources */ = {isa = PBXBuildFile; fileRef = 7F5A8E391F9A340D003447F0 /* LaunchScreen.storyboard */; };
		7F7CA0BE1FB2C22700CD5834 /* ProdutosViewController.swift in Sources */ = {isa = PBXBuildFile; fileRef = 7F7CA0BD1FB2C22700CD5834 /* ProdutosViewController.swift */; };
		7F7CA0C01FB2D00B00CD5834 /* ArmazenamentoCelula.swift in Sources */ = {isa = PBXBuildFile; fileRef = 7F7CA0BF1FB2D00B00CD5834 /* ArmazenamentoCelula.swift */; };
		7F7D47061F9B00120079F2BC /* EntrarViewController.swift in Sources */ = {isa = PBXBuildFile; fileRef = 7F7D47051F9B00120079F2BC /* EntrarViewController.swift */; };
		7F7D47081F9B00400079F2BC /* CadastrarViewController.swift in Sources */ = {isa = PBXBuildFile; fileRef = 7F7D47071F9B00400079F2BC /* CadastrarViewController.swift */; };
		7F83BA871F9BDCE800C46713 /* MaisViewController.swift in Sources */ = {isa = PBXBuildFile; fileRef = 7F83BA861F9BDCE800C46713 /* MaisViewController.swift */; };
		7F83BA891F9BE16C00C46713 /* CarrinhoViewController.swift in Sources */ = {isa = PBXBuildFile; fileRef = 7F83BA881F9BE16C00C46713 /* CarrinhoViewController.swift */; };
		7F83BA8B1F9BE62100C46713 /* OfertasViewController.swift in Sources */ = {isa = PBXBuildFile; fileRef = 7F83BA8A1F9BE62100C46713 /* OfertasViewController.swift */; };
		7F87726C1F9A5DEE00B9BFEE /* GoogleService-Info.plist in Resources */ = {isa = PBXBuildFile; fileRef = 7F87726B1F9A5DC200B9BFEE /* GoogleService-Info.plist */; };
		7FD47D591FB222E300A20C8F /* Armazenamento.swift in Sources */ = {isa = PBXBuildFile; fileRef = 7FD47D581FB222E300A20C8F /* Armazenamento.swift */; };
/* End PBXBuildFile section */

/* Begin PBXFileReference section */
		2822F3D267544751968B5514 /* Pods-easyshop-PI2017.release.xcconfig */ = {isa = PBXFileReference; includeInIndex = 1; lastKnownFileType = text.xcconfig; name = "Pods-easyshop-PI2017.release.xcconfig"; path = "Pods/Target Support Files/Pods-easyshop-PI2017/Pods-easyshop-PI2017.release.xcconfig"; sourceTree = "<group>"; };
		7F5A8E2D1F9A340D003447F0 /* easyshop-PI2017.app */ = {isa = PBXFileReference; explicitFileType = wrapper.application; includeInIndex = 0; path = "easyshop-PI2017.app"; sourceTree = BUILT_PRODUCTS_DIR; };
		7F5A8E301F9A340D003447F0 /* AppDelegate.swift */ = {isa = PBXFileReference; lastKnownFileType = sourcecode.swift; path = AppDelegate.swift; sourceTree = "<group>"; };
		7F5A8E321F9A340D003447F0 /* ViewController.swift */ = {isa = PBXFileReference; lastKnownFileType = sourcecode.swift; path = ViewController.swift; sourceTree = "<group>"; };
		7F5A8E351F9A340D003447F0 /* Base */ = {isa = PBXFileReference; lastKnownFileType = file.storyboard; name = Base; path = Base.lproj/Main.storyboard; sourceTree = "<group>"; };
		7F5A8E371F9A340D003447F0 /* Assets.xcassets */ = {isa = PBXFileReference; lastKnownFileType = folder.assetcatalog; path = Assets.xcassets; sourceTree = "<group>"; };
		7F5A8E3A1F9A340D003447F0 /* Base */ = {isa = PBXFileReference; lastKnownFileType = file.storyboard; name = Base; path = Base.lproj/LaunchScreen.storyboard; sourceTree = "<group>"; };
		7F5A8E3C1F9A340D003447F0 /* Info.plist */ = {isa = PBXFileReference; lastKnownFileType = text.plist.xml; path = Info.plist; sourceTree = "<group>"; };
		7F7CA0BD1FB2C22700CD5834 /* ProdutosViewController.swift */ = {isa = PBXFileReference; lastKnownFileType = sourcecode.swift; path = ProdutosViewController.swift; sourceTree = "<group>"; };
		7F7CA0BF1FB2D00B00CD5834 /* ArmazenamentoCelula.swift */ = {isa = PBXFileReference; lastKnownFileType = sourcecode.swift; path = ArmazenamentoCelula.swift; sourceTree = "<group>"; };
		7F7D47051F9B00120079F2BC /* EntrarViewController.swift */ = {isa = PBXFileReference; lastKnownFileType = sourcecode.swift; path = EntrarViewController.swift; sourceTree = "<group>"; };
		7F7D47071F9B00400079F2BC /* CadastrarViewController.swift */ = {isa = PBXFileReference; lastKnownFileType = sourcecode.swift; path = CadastrarViewController.swift; sourceTree = "<group>"; };
		7F83BA861F9BDCE800C46713 /* MaisViewController.swift */ = {isa = PBXFileReference; lastKnownFileType = sourcecode.swift; path = MaisViewController.swift; sourceTree = "<group>"; };
		7F83BA881F9BE16C00C46713 /* CarrinhoViewController.swift */ = {isa = PBXFileReference; lastKnownFileType = sourcecode.swift; path = CarrinhoViewController.swift; sourceTree = "<group>"; };
		7F83BA8A1F9BE62100C46713 /* OfertasViewController.swift */ = {isa = PBXFileReference; lastKnownFileType = sourcecode.swift; path = OfertasViewController.swift; sourceTree = "<group>"; };
		7F87726B1F9A5DC200B9BFEE /* GoogleService-Info.plist */ = {isa = PBXFileReference; lastKnownFileType = text.plist.xml; path = "GoogleService-Info.plist"; sourceTree = "<group>"; };
		7FD47D581FB222E300A20C8F /* Armazenamento.swift */ = {isa = PBXFileReference; lastKnownFileType = sourcecode.swift; path = Armazenamento.swift; sourceTree = "<group>"; };
		9A49260B921D7242E8E1B2B2 /* Pods-easyshop-PI2017.debug.xcconfig */ = {isa = PBXFileReference; includeInIndex = 1; lastKnownFileType = text.xcconfig; name = "Pods-easyshop-PI2017.debug.xcconfig"; path = "Pods/Target Support Files/Pods-easyshop-PI2017/Pods-easyshop-PI2017.debug.xcconfig"; sourceTree = "<group>"; };
		EC2D3EFCBFE3A4BB73971289 /* Pods_easyshop_PI2017.framework */ = {isa = PBXFileReference; explicitFileType = wrapper.framework; includeInIndex = 0; path = Pods_easyshop_PI2017.framework; sourceTree = BUILT_PRODUCTS_DIR; };
/* End PBXFileReference section */

/* Begin PBXFrameworksBuildPhase section */
		7F5A8E2A1F9A340D003447F0 /* Frameworks */ = {
			isa = PBXFrameworksBuildPhase;
			buildActionMask = 2147483647;
			files = (
				1AB57E786C7AE725C2A4E14B /* Pods_easyshop_PI2017.framework in Frameworks */,
			);
			runOnlyForDeploymentPostprocessing = 0;
		};
/* End PBXFrameworksBuildPhase section */

/* Begin PBXGroup section */
		06E448E2B1AC4392F9F283EE /* Frameworks */ = {
			isa = PBXGroup;
			children = (
				EC2D3EFCBFE3A4BB73971289 /* Pods_easyshop_PI2017.framework */,
			);
			name = Frameworks;
			sourceTree = "<group>";
		};
		7F5A8E241F9A340D003447F0 = {
			isa = PBXGroup;
			children = (
				7F5A8E2F1F9A340D003447F0 /* easyshop-PI2017 */,
				7F5A8E2E1F9A340D003447F0 /* Products */,
				BBB05F4651769B9BEBDDD7D7 /* Pods */,
				06E448E2B1AC4392F9F283EE /* Frameworks */,
			);
			sourceTree = "<group>";
		};
		7F5A8E2E1F9A340D003447F0 /* Products */ = {
			isa = PBXGroup;
			children = (
				7F5A8E2D1F9A340D003447F0 /* easyshop-PI2017.app */,
			);
			name = Products;
			sourceTree = "<group>";
		};
		7F5A8E2F1F9A340D003447F0 /* easyshop-PI2017 */ = {
			isa = PBXGroup;
			children = (
				7F5A8E301F9A340D003447F0 /* AppDelegate.swift */,
				7F7D47051F9B00120079F2BC /* EntrarViewController.swift */,
				7F7D47071F9B00400079F2BC /* CadastrarViewController.swift */,
				7F5A8E321F9A340D003447F0 /* ViewController.swift */,
				7F83BA861F9BDCE800C46713 /* MaisViewController.swift */,
				7F7CA0BD1FB2C22700CD5834 /* ProdutosViewController.swift */,
				7FD47D581FB222E300A20C8F /* Armazenamento.swift */,
				7F83BA881F9BE16C00C46713 /* CarrinhoViewController.swift */,
				7F83BA8A1F9BE62100C46713 /* OfertasViewController.swift */,
				7F5A8E341F9A340D003447F0 /* Main.storyboard */,
				7F5A8E371F9A340D003447F0 /* Assets.xcassets */,
				7F87726B1F9A5DC200B9BFEE /* GoogleService-Info.plist */,
				7F5A8E391F9A340D003447F0 /* LaunchScreen.storyboard */,
				7F5A8E3C1F9A340D003447F0 /* Info.plist */,
				7F7CA0BF1FB2D00B00CD5834 /* ArmazenamentoCelula.swift */,
			);
			path = "easyshop-PI2017";
			sourceTree = "<group>";
		};
		BBB05F4651769B9BEBDDD7D7 /* Pods */ = {
			isa = PBXGroup;
			children = (
				9A49260B921D7242E8E1B2B2 /* Pods-easyshop-PI2017.debug.xcconfig */,
				2822F3D267544751968B5514 /* Pods-easyshop-PI2017.release.xcconfig */,
			);
			name = Pods;
			sourceTree = "<group>";
		};
/* End PBXGroup section */

/* Begin PBXNativeTarget section */
		7F5A8E2C1F9A340D003447F0 /* easyshop-PI2017 */ = {
			isa = PBXNativeTarget;
			buildConfigurationList = 7F5A8E3F1F9A340D003447F0 /* Build configuration list for PBXNativeTarget "easyshop-PI2017" */;
			buildPhases = (
				E4EFCF55B13D9F5F1DCE5AF7 /* [CP] Check Pods Manifest.lock */,
				7F5A8E291F9A340D003447F0 /* Sources */,
				7F5A8E2A1F9A340D003447F0 /* Frameworks */,
				7F5A8E2B1F9A340D003447F0 /* Resources */,
				E32435D8A56FE3F979A6CF26 /* [CP] Embed Pods Frameworks */,
				BDD456D1834BAF50AFDE249A /* [CP] Copy Pods Resources */,
			);
			buildRules = (
			);
			dependencies = (
			);
			name = "easyshop-PI2017";
			productName = "easyshop-PI2017";
			productReference = 7F5A8E2D1F9A340D003447F0 /* easyshop-PI2017.app */;
			productType = "com.apple.product-type.application";
		};
/* End PBXNativeTarget section */

/* Begin PBXProject section */
		7F5A8E251F9A340D003447F0 /* Project object */ = {
			isa = PBXProject;
			attributes = {
				LastSwiftUpdateCheck = 0900;
				LastUpgradeCheck = 0900;
				ORGANIZATIONNAME = uillian;
				TargetAttributes = {
					7F5A8E2C1F9A340D003447F0 = {
						CreatedOnToolsVersion = 9.0;
						LastSwiftMigration = 0900;
					};
				};
			};
			buildConfigurationList = 7F5A8E281F9A340D003447F0 /* Build configuration list for PBXProject "easyshop-PI2017" */;
			compatibilityVersion = "Xcode 8.0";
			developmentRegion = en;
			hasScannedForEncodings = 0;
			knownRegions = (
				en,
				Base,
			);
			mainGroup = 7F5A8E241F9A340D003447F0;
			productRefGroup = 7F5A8E2E1F9A340D003447F0 /* Products */;
			projectDirPath = "";
			projectRoot = "";
			targets = (
				7F5A8E2C1F9A340D003447F0 /* easyshop-PI2017 */,
			);
		};
/* End PBXProject section */

/* Begin PBXResourcesBuildPhase section */
		7F5A8E2B1F9A340D003447F0 /* Resources */ = {
			isa = PBXResourcesBuildPhase;
			buildActionMask = 2147483647;
			files = (
				7F5A8E3B1F9A340D003447F0 /* LaunchScreen.storyboard in Resources */,
				7F87726C1F9A5DEE00B9BFEE /* GoogleService-Info.plist in Resources */,
				7F5A8E381F9A340D003447F0 /* Assets.xcassets in Resources */,
				7F5A8E361F9A340D003447F0 /* Main.storyboard in Resources */,
			);
			runOnlyForDeploymentPostprocessing = 0;
		};
/* End PBXResourcesBuildPhase section */

/* Begin PBXShellScriptBuildPhase section */
		BDD456D1834BAF50AFDE249A /* [CP] Copy Pods Resources */ = {
			isa = PBXShellScriptBuildPhase;
			buildActionMask = 2147483647;
			files = (
			);
			inputPaths = (
			);
			name = "[CP] Copy Pods Resources";
			outputPaths = (
			);
			runOnlyForDeploymentPostprocessing = 0;
			shellPath = /bin/sh;
			shellScript = "\"${SRCROOT}/Pods/Target Support Files/Pods-easyshop-PI2017/Pods-easyshop-PI2017-resources.sh\"\n";
			showEnvVarsInLog = 0;
		};
		E32435D8A56FE3F979A6CF26 /* [CP] Embed Pods Frameworks */ = {
			isa = PBXShellScriptBuildPhase;
			buildActionMask = 2147483647;
			files = (
			);
			inputPaths = (
				"${SRCROOT}/Pods/Target Support Files/Pods-easyshop-PI2017/Pods-easyshop-PI2017-frameworks.sh",
				"${BUILT_PRODUCTS_DIR}/GTMSessionFetcher/GTMSessionFetcher.framework",
				"${BUILT_PRODUCTS_DIR}/GoogleToolboxForMac/GoogleToolboxForMac.framework",
				"${BUILT_PRODUCTS_DIR}/leveldb-library/leveldb.framework",
				"${BUILT_PRODUCTS_DIR}/nanopb/nanopb.framework",
			);
			name = "[CP] Embed Pods Frameworks";
			outputPaths = (
				"${TARGET_BUILD_DIR}/${FRAMEWORKS_FOLDER_PATH}/GTMSessionFetcher.framework",
				"${TARGET_BUILD_DIR}/${FRAMEWORKS_FOLDER_PATH}/GoogleToolboxForMac.framework",
				"${TARGET_BUILD_DIR}/${FRAMEWORKS_FOLDER_PATH}/leveldb.framework",
				"${TARGET_BUILD_DIR}/${FRAMEWORKS_FOLDER_PATH}/nanopb.framework",
			);
			runOnlyForDeploymentPostprocessing = 0;
			shellPath = /bin/sh;
			shellScript = "\"${SRCROOT}/Pods/Target Support Files/Pods-easyshop-PI2017/Pods-easyshop-PI2017-frameworks.sh\"\n";
			showEnvVarsInLog = 0;
		};
		E4EFCF55B13D9F5F1DCE5AF7 /* [CP] Check Pods Manifest.lock */ = {
			isa = PBXShellScriptBuildPhase;
			buildActionMask = 2147483647;
			files = (
			);
			inputPaths = (
				"${PODS_PODFILE_DIR_PATH}/Podfile.lock",
				"${PODS_ROOT}/Manifest.lock",
			);
			name = "[CP] Check Pods Manifest.lock";
			outputPaths = (
				"$(DERIVED_FILE_DIR)/Pods-easyshop-PI2017-checkManifestLockResult.txt",
			);
			runOnlyForDeploymentPostprocessing = 0;
			shellPath = /bin/sh;
			shellScript = "diff \"${PODS_PODFILE_DIR_PATH}/Podfile.lock\" \"${PODS_ROOT}/Manifest.lock\" > /dev/null\nif [ $? != 0 ] ; then\n    # print error to STDERR\n    echo \"error: The sandbox is not in sync with the Podfile.lock. Run 'pod install' or update your CocoaPods installation.\" >&2\n    exit 1\nfi\n# This output is used by Xcode 'outputs' to avoid re-running this script phase.\necho \"SUCCESS\" > \"${SCRIPT_OUTPUT_FILE_0}\"\n";
			showEnvVarsInLog = 0;
		};
/* End PBXShellScriptBuildPhase section */

/* Begin PBXSourcesBuildPhase section */
		7F5A8E291F9A340D003447F0 /* Sources */ = {
			isa = PBXSourcesBuildPhase;
			buildActionMask = 2147483647;
			files = (
				7F7CA0C01FB2D00B00CD5834 /* ArmazenamentoCelula.swift in Sources */,
				7F7D47081F9B00400079F2BC /* CadastrarViewController.swift in Sources */,
				7F83BA8B1F9BE62100C46713 /* OfertasViewController.swift in Sources */,
				7F5A8E331F9A340D003447F0 /* ViewController.swift in Sources */,
				7FD47D591FB222E300A20C8F /* Armazenamento.swift in Sources */,
				7F83BA871F9BDCE800C46713 /* MaisViewController.swift in Sources */,
				7F7CA0BE1FB2C22700CD5834 /* ProdutosViewController.swift in Sources */,
				7F5A8E311F9A340D003447F0 /* AppDelegate.swift in Sources */,
				7F7D47061F9B00120079F2BC /* EntrarViewController.swift in Sources */,
				7F83BA891F9BE16C00C46713 /* CarrinhoViewController.swift in Sources */,
			);
			runOnlyForDeploymentPostprocessing = 0;
		};
/* End PBXSourcesBuildPhase section */

/* Begin PBXVariantGroup section */
		7F5A8E341F9A340D003447F0 /* Main.storyboard */ = {
			isa = PBXVariantGroup;
			children = (
				7F5A8E351F9A340D003447F0 /* Base */,
			);
			name = Main.storyboard;
			sourceTree = "<group>";
		};
		7F5A8E391F9A340D003447F0 /* LaunchScreen.storyboard */ = {
			isa = PBXVariantGroup;
			children = (
				7F5A8E3A1F9A340D003447F0 /* Base */,
			);
			name = LaunchScreen.storyboard;
			sourceTree = "<group>";
		};
/* End PBXVariantGroup section */

/* Begin XCBuildConfiguration section */
		7F5A8E3D1F9A340D003447F0 /* Debug */ = {
			isa = XCBuildConfiguration;
			buildSettings = {
				ALWAYS_SEARCH_USER_PATHS = NO;
				CLANG_ANALYZER_NONNULL = YES;
				CLANG_ANALYZER_NUMBER_OBJECT_CONVERSION = YES_AGGRESSIVE;
				CLANG_CXX_LANGUAGE_STANDARD = "gnu++14";
				CLANG_CXX_LIBRARY = "libc++";
				CLANG_ENABLE_MODULES = YES;
				CLANG_ENABLE_OBJC_ARC = YES;
				CLANG_WARN_BLOCK_CAPTURE_AUTORELEASING = YES;
				CLANG_WARN_BOOL_CONVERSION = YES;
				CLANG_WARN_COMMA = YES;
				CLANG_WARN_CONSTANT_CONVERSION = YES;
				CLANG_WARN_DIRECT_OBJC_ISA_USAGE = YES_ERROR;
				CLANG_WARN_DOCUMENTATION_COMMENTS = YES;
				CLANG_WARN_EMPTY_BODY = YES;
				CLANG_WARN_ENUM_CONVERSION = YES;
				CLANG_WARN_INFINITE_RECURSION = YES;
				CLANG_WARN_INT_CONVERSION = YES;
				CLANG_WARN_NON_LITERAL_NULL_CONVERSION = YES;
				CLANG_WARN_OBJC_LITERAL_CONVERSION = YES;
				CLANG_WARN_OBJC_ROOT_CLASS = YES_ERROR;
				CLANG_WARN_RANGE_LOOP_ANALYSIS = YES;
				CLANG_WARN_STRICT_PROTOTYPES = YES;
				CLANG_WARN_SUSPICIOUS_MOVE = YES;
				CLANG_WARN_UNGUARDED_AVAILABILITY = YES_AGGRESSIVE;
				CLANG_WARN_UNREACHABLE_CODE = YES;
				CLANG_WARN__DUPLICATE_METHOD_MATCH = YES;
				CODE_SIGN_IDENTITY = "iPhone Developer";
				COPY_PHASE_STRIP = NO;
				DEBUG_INFORMATION_FORMAT = dwarf;
				ENABLE_STRICT_OBJC_MSGSEND = YES;
				ENABLE_TESTABILITY = YES;
				GCC_C_LANGUAGE_STANDARD = gnu11;
				GCC_DYNAMIC_NO_PIC = NO;
				GCC_NO_COMMON_BLOCKS = YES;
				GCC_OPTIMIZATION_LEVEL = 0;
				GCC_PREPROCESSOR_DEFINITIONS = (
					"DEBUG=1",
					"$(inherited)",
				);
				GCC_WARN_64_TO_32_BIT_CONVERSION = YES;
				GCC_WARN_ABOUT_RETURN_TYPE = YES_ERROR;
				GCC_WARN_UNDECLARED_SELECTOR = YES;
				GCC_WARN_UNINITIALIZED_AUTOS = YES_AGGRESSIVE;
				GCC_WARN_UNUSED_FUNCTION = YES;
				GCC_WARN_UNUSED_VARIABLE = YES;
				IPHONEOS_DEPLOYMENT_TARGET = 11.0;
				MTL_ENABLE_DEBUG_INFO = YES;
				ONLY_ACTIVE_ARCH = YES;
				SDKROOT = iphoneos;
				SWIFT_ACTIVE_COMPILATION_CONDITIONS = DEBUG;
				SWIFT_OPTIMIZATION_LEVEL = "-Onone";
			};
			name = Debug;
		};
		7F5A8E3E1F9A340D003447F0 /* Release */ = {
			isa = XCBuildConfiguration;
			buildSettings = {
				ALWAYS_SEARCH_USER_PATHS = NO;
				CLANG_ANALYZER_NONNULL = YES;
				CLANG_ANALYZER_NUMBER_OBJECT_CONVERSION = YES_AGGRESSIVE;
				CLANG_CXX_LANGUAGE_STANDARD = "gnu++14";
				CLANG_CXX_LIBRARY = "libc++";
				CLANG_ENABLE_MODULES = YES;
				CLANG_ENABLE_OBJC_ARC = YES;
				CLANG_WARN_BLOCK_CAPTURE_AUTORELEASING = YES;
				CLANG_WARN_BOOL_CONVERSION = YES;
				CLANG_WARN_COMMA = YES;
				CLANG_WARN_CONSTANT_CONVERSION = YES;
				CLANG_WARN_DIRECT_OBJC_ISA_USAGE = YES_ERROR;
				CLANG_WARN_DOCUMENTATION_COMMENTS = YES;
				CLANG_WARN_EMPTY_BODY = YES;
				CLANG_WARN_ENUM_CONVERSION = YES;
				CLANG_WARN_INFINITE_RECURSION = YES;
				CLANG_WARN_INT_CONVERSION = YES;
				CLANG_WARN_NON_LITERAL_NULL_CONVERSION = YES;
				CLANG_WARN_OBJC_LITERAL_CONVERSION = YES;
				CLANG_WARN_OBJC_ROOT_CLASS = YES_ERROR;
				CLANG_WARN_RANGE_LOOP_ANALYSIS = YES;
				CLANG_WARN_STRICT_PROTOTYPES = YES;
				CLANG_WARN_SUSPICIOUS_MOVE = YES;
				CLANG_WARN_UNGUARDED_AVAILABILITY = YES_AGGRESSIVE;
				CLANG_WARN_UNREACHABLE_CODE = YES;
				CLANG_WARN__DUPLICATE_METHOD_MATCH = YES;
				CODE_SIGN_IDENTITY = "iPhone Developer";
				COPY_PHASE_STRIP = NO;
				DEBUG_INFORMATION_FORMAT = "dwarf-with-dsym";
				ENABLE_NS_ASSERTIONS = NO;
				ENABLE_STRICT_OBJC_MSGSEND = YES;
				GCC_C_LANGUAGE_STANDARD = gnu11;
				GCC_NO_COMMON_BLOCKS = YES;
				GCC_WARN_64_TO_32_BIT_CONVERSION = YES;
				GCC_WARN_ABOUT_RETURN_TYPE = YES_ERROR;
				GCC_WARN_UNDECLARED_SELECTOR = YES;
				GCC_WARN_UNINITIALIZED_AUTOS = YES_AGGRESSIVE;
				GCC_WARN_UNUSED_FUNCTION = YES;
				GCC_WARN_UNUSED_VARIABLE = YES;
				IPHONEOS_DEPLOYMENT_TARGET = 11.0;
				MTL_ENABLE_DEBUG_INFO = NO;
				SDKROOT = iphoneos;
				SWIFT_OPTIMIZATION_LEVEL = "-Owholemodule";
				VALIDATE_PRODUCT = YES;
			};
			name = Release;
		};
		7F5A8E401F9A340D003447F0 /* Debug */ = {
			isa = XCBuildConfiguration;
			baseConfigurationReference = 9A49260B921D7242E8E1B2B2 /* Pods-easyshop-PI2017.debug.xcconfig */;
			buildSettings = {
				ASSETCATALOG_COMPILER_APPICON_NAME = AppIcon;
				CLANG_ENABLE_MODULES = YES;
				DEVELOPMENT_TEAM = 9N22F54ZWZ;
				INFOPLIST_FILE = "easyshop-PI2017/Info.plist";
				LD_RUNPATH_SEARCH_PATHS = "$(inherited) @executable_path/Frameworks";
				PRODUCT_BUNDLE_IDENTIFIER = "unipam.easyshop-PI2017";
				PRODUCT_NAME = "$(TARGET_NAME)";
				SWIFT_OBJC_BRIDGING_HEADER = "easyshop-PI2017/easyshop-PI2017-Bridging-Header.h";
				SWIFT_OPTIMIZATION_LEVEL = "-Onone";
				SWIFT_VERSION = 4.0;
				TARGETED_DEVICE_FAMILY = "1,2";
			};
			name = Debug;
		};
		7F5A8E411F9A340D003447F0 /* Release */ = {
			isa = XCBuildConfiguration;
			baseConfigurationReference = 2822F3D267544751968B5514 /* Pods-easyshop-PI2017.release.xcconfig */;
			buildSettings = {
				ASSETCATALOG_COMPILER_APPICON_NAME = AppIcon;
				CLANG_ENABLE_MODULES = YES;
				DEVELOPMENT_TEAM = 9N22F54ZWZ;
				INFOPLIST_FILE = "easyshop-PI2017/Info.plist";
				LD_RUNPATH_SEARCH_PATHS = "$(inherited) @executable_path/Frameworks";
				PRODUCT_BUNDLE_IDENTIFIER = "unipam.easyshop-PI2017";
				PRODUCT_NAME = "$(TARGET_NAME)";
				SWIFT_OBJC_BRIDGING_HEADER = "easyshop-PI2017/easyshop-PI2017-Bridging-Header.h";
				SWIFT_VERSION = 4.0;
				TARGETED_DEVICE_FAMILY = "1,2";
			};
			name = Release;
		};
/* End XCBuildConfiguration section */

/* Begin XCConfigurationList section */
		7F5A8E281F9A340D003447F0 /* Build configuration list for PBXProject "easyshop-PI2017" */ = {
			isa = XCConfigurationList;
			buildConfigurations = (
				7F5A8E3D1F9A340D003447F0 /* Debug */,
				7F5A8E3E1F9A340D003447F0 /* Release */,
			);
			defaultConfigurationIsVisible = 0;
			defaultConfigurationName = Release;
		};
		7F5A8E3F1F9A340D003447F0 /* Build configuration list for PBXNativeTarget "easyshop-PI2017" */ = {
			isa = XCConfigurationList;
			buildConfigurations = (
				7F5A8E401F9A340D003447F0 /* Debug */,
				7F5A8E411F9A340D003447F0 /* Release */,
			);
			defaultConfigurationIsVisible = 0;
			defaultConfigurationName = Release;
		};
/* End XCConfigurationList section */
	};
	rootObject = 7F5A8E251F9A340D003447F0 /* Project object */;
}
